
Microsoft Visual Studio Solution File, Format Version 12.00
# Visual Studio Version 17
VisualStudioVersion = 17.7.34031.279
MinimumVisualStudioVersion = 10.0.40219.1
Project("{FAE04EC0-301F-11D3-BF4B-00C04F79EFBC}") = "GachaSystem", "GachaSystem\GachaSystem.csproj", "{7695B3A3-4AD7-43FE-8FC9-CC05739E0286}"
EndProject
Global
	GlobalSection(SolutionConfigurationPlatforms) = preSolution
		Debug|Any CPU = Debug|Any CPU
		Release|Any CPU = Release|Any CPU
	EndGlobalSection
	GlobalSection(ProjectConfigurationPlatforms) = postSolution
		{7695B3A3-4AD7-43FE-8FC9-CC05739E0286}.Debug|Any CPU.ActiveCfg = Debug|Any CPU
		{7695B3A3-4AD7-43FE-8FC9-CC05739E0286}.Debug|Any CPU.Build.0 = Debug|Any CPU
		{7695B3A3-4AD7-43FE-8FC9-CC05739E0286}.Release|Any CPU.ActiveCfg = Release|Any CPU
		{7695B3A3-4AD7-43FE-8FC9-CC05739E0286}.Release|Any CPU.Build.0 = Release|Any CPU
	EndGlobalSection
	GlobalSection(SolutionProperties) = preSolution
		HideSolutionNode = FALSE
	EndGlobalSection
	GlobalSection(ExtensibilityGlobals) = postSolution
		SolutionGuid = {12B0AA88-5115-4F6E-83F1-683E37F8BCB3}
	EndGlobalSection
EndGlobal
