
Microsoft Visual Studio Solution File, Format Version 12.00
# Visual Studio Version 17
VisualStudioVersion = 17.4.33213.308
MinimumVisualStudioVersion = 10.0.40219.1
Project("{FAE04EC0-301F-11D3-BF4B-00C04F79EFBC}") = "husseinelhajj_tp4", "husseinelhajj_tp4.csproj", "{106372F5-E039-435D-9271-E9F8EA7EEDF3}"
EndProject
Global
	GlobalSection(SolutionConfigurationPlatforms) = preSolution
		Debug|Any CPU = Debug|Any CPU
		Release|Any CPU = Release|Any CPU
	EndGlobalSection
	GlobalSection(ProjectConfigurationPlatforms) = postSolution
		{106372F5-E039-435D-9271-E9F8EA7EEDF3}.Debug|Any CPU.ActiveCfg = Debug|Any CPU
		{106372F5-E039-435D-9271-E9F8EA7EEDF3}.Debug|Any CPU.Build.0 = Debug|Any CPU
		{106372F5-E039-435D-9271-E9F8EA7EEDF3}.Release|Any CPU.ActiveCfg = Release|Any CPU
		{106372F5-E039-435D-9271-E9F8EA7EEDF3}.Release|Any CPU.Build.0 = Release|Any CPU
	EndGlobalSection
	GlobalSection(SolutionProperties) = preSolution
		HideSolutionNode = FALSE
	EndGlobalSection
	GlobalSection(ExtensibilityGlobals) = postSolution
		SolutionGuid = {EC744558-ECB2-48B1-B582-EB6576123049}
	EndGlobalSection
EndGlobal
