
Microsoft Visual Studio Solution File, Format Version 12.00
# Visual Studio Version 17
VisualStudioVersion = 17.4.33403.182
MinimumVisualStudioVersion = 10.0.40219.1
Project("{FAE04EC0-301F-11D3-BF4B-00C04F79EFBC}") = "GachaSystem", "GachaSystem\GachaSystem.csproj", "{35125F0C-B1E5-45B4-AE73-B972CC644B5D}"
EndProject
Global
	GlobalSection(SolutionConfigurationPlatforms) = preSolution
		Debug|Any CPU = Debug|Any CPU
		Release|Any CPU = Release|Any CPU
	EndGlobalSection
	GlobalSection(ProjectConfigurationPlatforms) = postSolution
		{35125F0C-B1E5-45B4-AE73-B972CC644B5D}.Debug|Any CPU.ActiveCfg = Debug|Any CPU
		{35125F0C-B1E5-45B4-AE73-B972CC644B5D}.Debug|Any CPU.Build.0 = Debug|Any CPU
		{35125F0C-B1E5-45B4-AE73-B972CC644B5D}.Release|Any CPU.ActiveCfg = Release|Any CPU
		{35125F0C-B1E5-45B4-AE73-B972CC644B5D}.Release|Any CPU.Build.0 = Release|Any CPU
	EndGlobalSection
	GlobalSection(SolutionProperties) = preSolution
		HideSolutionNode = FALSE
	EndGlobalSection
	GlobalSection(ExtensibilityGlobals) = postSolution
		SolutionGuid = {58724406-BB8B-4857-B938-5D3D3D303495}
	EndGlobalSection
EndGlobal
