
Microsoft Visual Studio Solution File, Format Version 12.00
# Visual Studio Version 17
VisualStudioVersion = 17.4.33213.308
MinimumVisualStudioVersion = 10.0.40219.1
Project("{FAE04EC0-301F-11D3-BF4B-00C04F79EFBC}") = "GachaSystem", "GachaSystem.csproj", "{AFC67838-6651-4255-94A7-16A7EF2A77AE}"
EndProject
Global
	GlobalSection(SolutionConfigurationPlatforms) = preSolution
		Debug|Any CPU = Debug|Any CPU
		Release|Any CPU = Release|Any CPU
	EndGlobalSection
	GlobalSection(ProjectConfigurationPlatforms) = postSolution
		{AFC67838-6651-4255-94A7-16A7EF2A77AE}.Debug|Any CPU.ActiveCfg = Debug|Any CPU
		{AFC67838-6651-4255-94A7-16A7EF2A77AE}.Debug|Any CPU.Build.0 = Debug|Any CPU
		{AFC67838-6651-4255-94A7-16A7EF2A77AE}.Release|Any CPU.ActiveCfg = Release|Any CPU
		{AFC67838-6651-4255-94A7-16A7EF2A77AE}.Release|Any CPU.Build.0 = Release|Any CPU
	EndGlobalSection
	GlobalSection(SolutionProperties) = preSolution
		HideSolutionNode = FALSE
	EndGlobalSection
	GlobalSection(ExtensibilityGlobals) = postSolution
		SolutionGuid = {3FD582EC-596F-4408-B3AD-D99D4D2ED2FB}
	EndGlobalSection
EndGlobal
