
Microsoft Visual Studio Solution File, Format Version 12.00
# Visual Studio Version 17
VisualStudioVersion = 17.4.33213.308
MinimumVisualStudioVersion = 10.0.40219.1
Project("{FAE04EC0-301F-11D3-BF4B-00C04F79EFBC}") = "TP4", "TP4.csproj", "{C96C5146-398C-4368-8495-C500E30D723E}"
EndProject
Global
	GlobalSection(SolutionConfigurationPlatforms) = preSolution
		Debug|Any CPU = Debug|Any CPU
		Release|Any CPU = Release|Any CPU
	EndGlobalSection
	GlobalSection(ProjectConfigurationPlatforms) = postSolution
		{C96C5146-398C-4368-8495-C500E30D723E}.Debug|Any CPU.ActiveCfg = Debug|Any CPU
		{C96C5146-398C-4368-8495-C500E30D723E}.Debug|Any CPU.Build.0 = Debug|Any CPU
		{C96C5146-398C-4368-8495-C500E30D723E}.Release|Any CPU.ActiveCfg = Release|Any CPU
		{C96C5146-398C-4368-8495-C500E30D723E}.Release|Any CPU.Build.0 = Release|Any CPU
	EndGlobalSection
	GlobalSection(SolutionProperties) = preSolution
		HideSolutionNode = FALSE
	EndGlobalSection
	GlobalSection(ExtensibilityGlobals) = postSolution
		SolutionGuid = {5D2AA23C-E774-4EF7-8AF6-12DF76B6152A}
	EndGlobalSection
EndGlobal
