
Microsoft Visual Studio Solution File, Format Version 12.00
# Visual Studio Version 17
VisualStudioVersion = 17.5.33530.505
MinimumVisualStudioVersion = 10.0.40219.1
Project("{FAE04EC0-301F-11D3-BF4B-00C04F79EFBC}") = "GachaSystem", "GachaSystem\GachaSystem.csproj", "{C80A131B-674B-4528-8F80-74EF2B0C1AA7}"
EndProject
Global
	GlobalSection(SolutionConfigurationPlatforms) = preSolution
		Debug|Any CPU = Debug|Any CPU
		Release|Any CPU = Release|Any CPU
	EndGlobalSection
	GlobalSection(ProjectConfigurationPlatforms) = postSolution
		{C80A131B-674B-4528-8F80-74EF2B0C1AA7}.Debug|Any CPU.ActiveCfg = Debug|Any CPU
		{C80A131B-674B-4528-8F80-74EF2B0C1AA7}.Debug|Any CPU.Build.0 = Debug|Any CPU
		{C80A131B-674B-4528-8F80-74EF2B0C1AA7}.Release|Any CPU.ActiveCfg = Release|Any CPU
		{C80A131B-674B-4528-8F80-74EF2B0C1AA7}.Release|Any CPU.Build.0 = Release|Any CPU
	EndGlobalSection
	GlobalSection(SolutionProperties) = preSolution
		HideSolutionNode = FALSE
	EndGlobalSection
	GlobalSection(ExtensibilityGlobals) = postSolution
		SolutionGuid = {4E80D904-DF71-4E6D-A6F7-DB6B06FF4505}
	EndGlobalSection
EndGlobal
