
Microsoft Visual Studio Solution File, Format Version 12.00
# Visual Studio Version 17
VisualStudioVersion = 17.3.32929.385
MinimumVisualStudioVersion = 10.0.40219.1
Project("{FAE04EC0-301F-11D3-BF4B-00C04F79EFBC}") = "EX-GENIE", "EX-GENIE\EX-GENIE.csproj", "{6984A22F-2A4E-492D-9A4F-2B6A1AF479E6}"
EndProject
Global
	GlobalSection(SolutionConfigurationPlatforms) = preSolution
		Debug|Any CPU = Debug|Any CPU
		Release|Any CPU = Release|Any CPU
	EndGlobalSection
	GlobalSection(ProjectConfigurationPlatforms) = postSolution
		{6984A22F-2A4E-492D-9A4F-2B6A1AF479E6}.Debug|Any CPU.ActiveCfg = Debug|Any CPU
		{6984A22F-2A4E-492D-9A4F-2B6A1AF479E6}.Debug|Any CPU.Build.0 = Debug|Any CPU
		{6984A22F-2A4E-492D-9A4F-2B6A1AF479E6}.Release|Any CPU.ActiveCfg = Release|Any CPU
		{6984A22F-2A4E-492D-9A4F-2B6A1AF479E6}.Release|Any CPU.Build.0 = Release|Any CPU
	EndGlobalSection
	GlobalSection(SolutionProperties) = preSolution
		HideSolutionNode = FALSE
	EndGlobalSection
	GlobalSection(ExtensibilityGlobals) = postSolution
		SolutionGuid = {64146A27-39BD-4EAC-81AF-CB0C97CB83B9}
	EndGlobalSection
EndGlobal
