
Microsoft Visual Studio Solution File, Format Version 12.00
# Visual Studio Version 17
VisualStudioVersion = 17.4.33213.308
MinimumVisualStudioVersion = 10.0.40219.1
Project("{FAE04EC0-301F-11D3-BF4B-00C04F79EFBC}") = "husseinhajj_tp2", "husseinhajj_tp2.csproj", "{5A61A8EB-8440-4A67-B172-394F854A0521}"
EndProject
Global
	GlobalSection(SolutionConfigurationPlatforms) = preSolution
		Debug|Any CPU = Debug|Any CPU
		Release|Any CPU = Release|Any CPU
	EndGlobalSection
	GlobalSection(ProjectConfigurationPlatforms) = postSolution
		{5A61A8EB-8440-4A67-B172-394F854A0521}.Debug|Any CPU.ActiveCfg = Debug|Any CPU
		{5A61A8EB-8440-4A67-B172-394F854A0521}.Debug|Any CPU.Build.0 = Debug|Any CPU
		{5A61A8EB-8440-4A67-B172-394F854A0521}.Release|Any CPU.ActiveCfg = Release|Any CPU
		{5A61A8EB-8440-4A67-B172-394F854A0521}.Release|Any CPU.Build.0 = Release|Any CPU
	EndGlobalSection
	GlobalSection(SolutionProperties) = preSolution
		HideSolutionNode = FALSE
	EndGlobalSection
	GlobalSection(ExtensibilityGlobals) = postSolution
		SolutionGuid = {F52B8EF2-E3C8-4295-8EB8-B045F106EC71}
	EndGlobalSection
EndGlobal
