
Microsoft Visual Studio Solution File, Format Version 12.00
# Visual Studio Version 17
VisualStudioVersion = 17.0.32112.339
MinimumVisualStudioVersion = 10.0.40219.1
Project("{FAE04EC0-301F-11D3-BF4B-00C04F79EFBC}") = "CarGalleryApp", "CarGalleryApp.csproj", "{B712A81C-138B-4A33-8C02-3C17C28CD5B7}"
EndProject
Global
	GlobalSection(SolutionConfigurationPlatforms) = preSolution
		Debug|Any CPU = Debug|Any CPU
		Release|Any CPU = Release|Any CPU
	EndGlobalSection
	GlobalSection(ProjectConfigurationPlatforms) = postSolution
		{B712A81C-138B-4A33-8C02-3C17C28CD5B7}.Debug|Any CPU.ActiveCfg = Debug|Any CPU
		{B712A81C-138B-4A33-8C02-3C17C28CD5B7}.Debug|Any CPU.Build.0 = Debug|Any CPU
		{B712A81C-138B-4A33-8C02-3C17C28CD5B7}.Release|Any CPU.ActiveCfg = Release|Any CPU
		{B712A81C-138B-4A33-8C02-3C17C28CD5B7}.Release|Any CPU.Build.0 = Release|Any CPU
	EndGlobalSection
	GlobalSection(SolutionProperties) = preSolution
		HideSolutionNode = FALSE
	EndGlobalSection
	GlobalSection(ExtensibilityGlobals) = postSolution
		SolutionGuid = {A7F60DEB-702D-46A7-8CA8-5BB4B8B914BF}
	EndGlobalSection
EndGlobal
