
Microsoft Visual Studio Solution File, Format Version 12.00
# Visual Studio Version 17
VisualStudioVersion = 17.7.34031.279
MinimumVisualStudioVersion = 10.0.40219.1
Project("{FAE04EC0-301F-11D3-BF4B-00C04F79EFBC}") = "GachaApp", "GachaApp\GachaApp.csproj", "{2E533124-1289-47AC-87A7-146222CFD64B}"
EndProject
Global
	GlobalSection(SolutionConfigurationPlatforms) = preSolution
		Debug|Any CPU = Debug|Any CPU
		Release|Any CPU = Release|Any CPU
	EndGlobalSection
	GlobalSection(ProjectConfigurationPlatforms) = postSolution
		{2E533124-1289-47AC-87A7-146222CFD64B}.Debug|Any CPU.ActiveCfg = Debug|Any CPU
		{2E533124-1289-47AC-87A7-146222CFD64B}.Debug|Any CPU.Build.0 = Debug|Any CPU
		{2E533124-1289-47AC-87A7-146222CFD64B}.Release|Any CPU.ActiveCfg = Release|Any CPU
		{2E533124-1289-47AC-87A7-146222CFD64B}.Release|Any CPU.Build.0 = Release|Any CPU
	EndGlobalSection
	GlobalSection(SolutionProperties) = preSolution
		HideSolutionNode = FALSE
	EndGlobalSection
	GlobalSection(ExtensibilityGlobals) = postSolution
		SolutionGuid = {6D061947-5A88-44F3-8B20-A1537296313F}
	EndGlobalSection
EndGlobal
