
Microsoft Visual Studio Solution File, Format Version 12.00
# Visual Studio Version 17
VisualStudioVersion = 17.4.33403.182
MinimumVisualStudioVersion = 10.0.40219.1
Project("{FAE04EC0-301F-11D3-BF4B-00C04F79EFBC}") = "NewsBoard.API", "NewsBoard.API\NewsBoard.API.csproj", "{EAAF723A-E92D-47BB-A52B-17401D3944E8}"
EndProject
Project("{FAE04EC0-301F-11D3-BF4B-00C04F79EFBC}") = "NewsBoard.Business", "NewsBoard.Business\NewsBoard.Business.csproj", "{5DD6F8EB-113B-4C9E-9A22-B23A76A09651}"
EndProject
Project("{FAE04EC0-301F-11D3-BF4B-00C04F79EFBC}") = "NewsBoard.Data", "NewsBoard.Data\NewsBoard.Data.csproj", "{CEFD3978-CF9B-47EB-BE1E-419A390DF973}"
EndProject
Project("{FAE04EC0-301F-11D3-BF4B-00C04F79EFBC}") = "NewsBoard.Data.Mongo", "NewsBoard.Data.Mongo\NewsBoard.Data.Mongo.csproj", "{464E5EB8-C392-471B-9200-2F02E5258719}"
EndProject
Global
	GlobalSection(SolutionConfigurationPlatforms) = preSolution
		Debug|Any CPU = Debug|Any CPU
		Release|Any CPU = Release|Any CPU
	EndGlobalSection
	GlobalSection(ProjectConfigurationPlatforms) = postSolution
		{EAAF723A-E92D-47BB-A52B-17401D3944E8}.Debug|Any CPU.ActiveCfg = Debug|Any CPU
		{EAAF723A-E92D-47BB-A52B-17401D3944E8}.Debug|Any CPU.Build.0 = Debug|Any CPU
		{EAAF723A-E92D-47BB-A52B-17401D3944E8}.Release|Any CPU.ActiveCfg = Release|Any CPU
		{EAAF723A-E92D-47BB-A52B-17401D3944E8}.Release|Any CPU.Build.0 = Release|Any CPU
		{5DD6F8EB-113B-4C9E-9A22-B23A76A09651}.Debug|Any CPU.ActiveCfg = Debug|Any CPU
		{5DD6F8EB-113B-4C9E-9A22-B23A76A09651}.Debug|Any CPU.Build.0 = Debug|Any CPU
		{5DD6F8EB-113B-4C9E-9A22-B23A76A09651}.Release|Any CPU.ActiveCfg = Release|Any CPU
		{5DD6F8EB-113B-4C9E-9A22-B23A76A09651}.Release|Any CPU.Build.0 = Release|Any CPU
		{CEFD3978-CF9B-47EB-BE1E-419A390DF973}.Debug|Any CPU.ActiveCfg = Debug|Any CPU
		{CEFD3978-CF9B-47EB-BE1E-419A390DF973}.Debug|Any CPU.Build.0 = Debug|Any CPU
		{CEFD3978-CF9B-47EB-BE1E-419A390DF973}.Release|Any CPU.ActiveCfg = Release|Any CPU
		{CEFD3978-CF9B-47EB-BE1E-419A390DF973}.Release|Any CPU.Build.0 = Release|Any CPU
		{464E5EB8-C392-471B-9200-2F02E5258719}.Debug|Any CPU.ActiveCfg = Debug|Any CPU
		{464E5EB8-C392-471B-9200-2F02E5258719}.Debug|Any CPU.Build.0 = Debug|Any CPU
		{464E5EB8-C392-471B-9200-2F02E5258719}.Release|Any CPU.ActiveCfg = Release|Any CPU
		{464E5EB8-C392-471B-9200-2F02E5258719}.Release|Any CPU.Build.0 = Release|Any CPU
	EndGlobalSection
	GlobalSection(SolutionProperties) = preSolution
		HideSolutionNode = FALSE
	EndGlobalSection
	GlobalSection(ExtensibilityGlobals) = postSolution
		SolutionGuid = {085C787D-291D-43FB-9579-A246898189DD}
	EndGlobalSection
EndGlobal
